Microsoft Visual Studio Solution File, Format Version 11.00
# Visual Studio 2008

Project("{A28CB6FF-C933-693B-6233-64E54CF39A83}") = "Unity+MongoDB3", "Assembly-CSharp.csproj", "{224EAB52-A0F6-DCF6-C96E-0E93C54C7B51}"
EndProject
Global
	GlobalSection(SolutionConfigurationPlatforms) = preSolution
		Debug|Any CPU = Debug|Any CPU
		Release|Any CPU = Release|Any CPU
	EndGlobalSection
	GlobalSection(ProjectConfigurationPlatforms) = postSolution
		{224EAB52-A0F6-DCF6-C96E-0E93C54C7B51}.Debug|Any CPU.ActiveCfg = Debug|Any CPU
		{224EAB52-A0F6-DCF6-C96E-0E93C54C7B51}.Debug|Any CPU.Build.0 = Debug|Any CPU
		{224EAB52-A0F6-DCF6-C96E-0E93C54C7B51}.Release|Any CPU.ActiveCfg = Release|Any CPU
		{224EAB52-A0F6-DCF6-C96E-0E93C54C7B51}.Release|Any CPU.Build.0 = Release|Any CPU
	EndGlobalSection
	GlobalSection(SolutionProperties) = preSolution
		HideSolutionNode = FALSE
	EndGlobalSection
	GlobalSection(MonoDevelopProperties) = preSolution
		StartupItem = Assembly-CSharp.csproj
	EndGlobalSection
EndGlobal
