Microsoft Visual Studio Solution File, Format Version 11.00
# Visual Studio 2008

Project("{E54AE3FC-FA46-C8CE-A65C-FDE06E2481EC}") = "Unity+MongoDB2", "Assembly-CSharp.csproj", "{B3EE9C1E-E571-65C5-D306-F157CC237EF0}"
EndProject
Global
	GlobalSection(SolutionConfigurationPlatforms) = preSolution
		Debug|Any CPU = Debug|Any CPU
		Release|Any CPU = Release|Any CPU
	EndGlobalSection
	GlobalSection(ProjectConfigurationPlatforms) = postSolution
		{B3EE9C1E-E571-65C5-D306-F157CC237EF0}.Debug|Any CPU.ActiveCfg = Debug|Any CPU
		{B3EE9C1E-E571-65C5-D306-F157CC237EF0}.Debug|Any CPU.Build.0 = Debug|Any CPU
		{B3EE9C1E-E571-65C5-D306-F157CC237EF0}.Release|Any CPU.ActiveCfg = Release|Any CPU
		{B3EE9C1E-E571-65C5-D306-F157CC237EF0}.Release|Any CPU.Build.0 = Release|Any CPU
	EndGlobalSection
	GlobalSection(SolutionProperties) = preSolution
		HideSolutionNode = FALSE
	EndGlobalSection
	GlobalSection(MonoDevelopProperties) = preSolution
		StartupItem = Assembly-CSharp.csproj
	EndGlobalSection
EndGlobal
